# THIS IS AN AUTOGENERATED FILE. DO NOT EDIT THIS FILE DIRECTLY.
# yarn lockfile v1


"@types/node@^11.11.4":
  version "11.11.4"
  resolved "https://registry.yarnpkg.com/@types/node/-/node-11.11.4.tgz#8808bd5a82bbf6f5d412eff1c228d178e7c24bb3"
  integrity sha512-02tIL+QIi/RW4E5xILdoAMjeJ9kYq5t5S2vciUdFPXv/ikFTb0zK8q9vXkg4+WAJuYXGiVT1H28AkD2C+IkXVw==
