# THIS IS AN AUTOGENERATED FILE. DO NOT EDIT THIS FILE DIRECTLY.
# yarn lockfile v1


"@types/node@^11.11.4":
  version "11.15.2"
  resolved "https://registry.yarnpkg.com/@types/node/-/node-11.15.2.tgz#998b9cacc5f26e441d8396340818fde8e08aada5"
  integrity sha512-BqCU9uIFkUH9Sgo2uLYbmIiFB1T+VBiM8AI/El3LIAI5KzwtckeSG+3WOYZr9aMoX4UIvRFBWBeSaOu6hFue2Q==
